{
  "name": "SmartMeeting",
  "lockfileVersion": 3,
  "requires": true,
  "packages": {
    "": {
      "dependencies": {
        "zone.js": "^0.16.3"
      }
    },
    "node_modules/zone.js": {
      "version": "0.16.3",
      "resolved": "https://registry.npmjs.org/zone.js/-/zone.js-0.16.3.tgz",
      "integrity": "sha512-ihXL9+vhYyEhXz4TDNpHeAOZN9FVrbog0Il64OIEI28UP/n5AaI6gsccRuOHBfx+206agzyoK527bYIO0Foy6A==",
      "license": "MIT"
    }
  }
}
